
Microsoft Visual Studio Solution File, Format Version 12.00
# Visual Studio Version 16
VisualStudioVersion = 16.0.29806.167
MinimumVisualStudioVersion = 10.0.40219.1
Project("{FAE04EC0-301F-11D3-BF4B-00C04F79EFBC}") = "cal", "cal.csproj", "{FD043FAE-584F-42A0-BD33-E9143AAE8061}"
EndProject
Global
	GlobalSection(SolutionConfigurationPlatforms) = preSolution
		Debug|Any CPU = Debug|Any CPU
		Release|Any CPU = Release|Any CPU
	EndGlobalSection
	GlobalSection(ProjectConfigurationPlatforms) = postSolution
		{FD043FAE-584F-42A0-BD33-E9143AAE8061}.Debug|Any CPU.ActiveCfg = Debug|Any CPU
		{FD043FAE-584F-42A0-BD33-E9143AAE8061}.Debug|Any CPU.Build.0 = Debug|Any CPU
		{FD043FAE-584F-42A0-BD33-E9143AAE8061}.Release|Any CPU.ActiveCfg = Release|Any CPU
		{FD043FAE-584F-42A0-BD33-E9143AAE8061}.Release|Any CPU.Build.0 = Release|Any CPU
	EndGlobalSection
	GlobalSection(SolutionProperties) = preSolution
		HideSolutionNode = FALSE
	EndGlobalSection
	GlobalSection(ExtensibilityGlobals) = postSolution
		SolutionGuid = {F0E0CBE0-2FEF-4897-9E19-A4C4C9C43D79}
	EndGlobalSection
EndGlobal
