
Microsoft Visual Studio Solution File, Format Version 12.00
# Visual Studio Version 16
VisualStudioVersion = 16.0.29806.167
MinimumVisualStudioVersion = 10.0.40219.1
Project("{9A19103F-16F7-4668-BE54-9A1E7A4F7556}") = "OrderManager", "OrderManager.csproj", "{F89C0627-5733-4650-8462-D809118ADCC3}"
EndProject
Project("{FAE04EC0-301F-11D3-BF4B-00C04F79EFBC}") = "OrderUnitTest", "OrderUnitTest\OrderUnitTest.csproj", "{5476D48B-30AF-48C8-8481-198CCB55DC79}"
EndProject
Global
	GlobalSection(SolutionConfigurationPlatforms) = preSolution
		Debug|Any CPU = Debug|Any CPU
		Release|Any CPU = Release|Any CPU
	EndGlobalSection
	GlobalSection(ProjectConfigurationPlatforms) = postSolution
		{F89C0627-5733-4650-8462-D809118ADCC3}.Debug|Any CPU.ActiveCfg = Debug|Any CPU
		{F89C0627-5733-4650-8462-D809118ADCC3}.Debug|Any CPU.Build.0 = Debug|Any CPU
		{F89C0627-5733-4650-8462-D809118ADCC3}.Release|Any CPU.ActiveCfg = Release|Any CPU
		{F89C0627-5733-4650-8462-D809118ADCC3}.Release|Any CPU.Build.0 = Release|Any CPU
		{5476D48B-30AF-48C8-8481-198CCB55DC79}.Debug|Any CPU.ActiveCfg = Debug|Any CPU
		{5476D48B-30AF-48C8-8481-198CCB55DC79}.Debug|Any CPU.Build.0 = Debug|Any CPU
		{5476D48B-30AF-48C8-8481-198CCB55DC79}.Release|Any CPU.ActiveCfg = Release|Any CPU
		{5476D48B-30AF-48C8-8481-198CCB55DC79}.Release|Any CPU.Build.0 = Release|Any CPU
	EndGlobalSection
	GlobalSection(SolutionProperties) = preSolution
		HideSolutionNode = FALSE
	EndGlobalSection
	GlobalSection(ExtensibilityGlobals) = postSolution
		SolutionGuid = {877452C5-D6F3-4E7B-80CD-35425DFE76C7}
	EndGlobalSection
EndGlobal
